// !$*UTF8*$!
{
	archiveVersion = 1;
	classes = {
	};
	objectVersion = 46;
	objects = {

/* Begin PBXBuildFile section */
		F8CD30191E27CE0E008E5DB7 /* main.m in Sources */ = {isa = PBXBuildFile; fileRef = F8CD30181E27CE0E008E5DB7 /* main.m */; };
		F8CD301C1E27CE0E008E5DB7 /* AppDelegate.m in Sources */ = {isa = PBXBuildFile; fileRef = F8CD301B1E27CE0E008E5DB7 /* AppDelegate.m */; };
		F8CD301F1E27CE0E008E5DB7 /* ViewController.m in Sources */ = {isa = PBXBuildFile; fileRef = F8CD301E1E27CE0E008E5DB7 /* ViewController.m */; };
		F8CD30221E27CE0E008E5DB7 /* Main.storyboard in Resources */ = {isa = PBXBuildFile; fileRef = F8CD30201E27CE0E008E5DB7 /* Main.storyboard */; };
		F8CD30241E27CE0E008E5DB7 /* Assets.xcassets in Resources */ = {isa = PBXBuildFile; fileRef = F8CD30231E27CE0E008E5DB7 /* Assets.xcassets */; };
		F8CD30271E27CE0E008E5DB7 /* LaunchScreen.storyboard in Resources */ = {isa = PBXBuildFile; fileRef = F8CD30251E27CE0E008E5DB7 /* LaunchScreen.storyboard */; };
		F8CD30321E27CE0E008E5DB7 /* FDWaterImageTests.m in Sources */ = {isa = PBXBuildFile; fileRef = F8CD30311E27CE0E008E5DB7 /* FDWaterImageTests.m */; };
		F8CD303D1E27CE0E008E5DB7 /* FDWaterImageUITests.m in Sources */ = {isa = PBXBuildFile; fileRef = F8CD303C1E27CE0E008E5DB7 /* FDWaterImageUITests.m */; };
		F8CD304C1E27CE2F008E5DB7 /* FDWaterImage.m in Sources */ = {isa = PBXBuildFile; fileRef = F8CD304B1E27CE2F008E5DB7 /* FDWaterImage.m */; };
		F8CD304E1E27CF99008E5DB7 /* Icons.png in Resources */ = {isa = PBXBuildFile; fileRef = F8CD304D1E27CF99008E5DB7 /* Icons.png */; };
		F8CD30501E27D03A008E5DB7 /* scene.jpg in Resources */ = {isa = PBXBuildFile; fileRef = F8CD304F1E27D03A008E5DB7 /* scene.jpg */; };
/* End PBXBuildFile section */

/* Begin PBXContainerItemProxy section */
		F8CD302E1E27CE0E008E5DB7 /* PBXContainerItemProxy */ = {
			isa = PBXContainerItemProxy;
			containerPortal = F8CD300C1E27CE0E008E5DB7 /* Project object */;
			proxyType = 1;
			remoteGlobalIDString = F8CD30131E27CE0E008E5DB7;
			remoteInfo = FDWaterImage;
		};
		F8CD30391E27CE0E008E5DB7 /* PBXContainerItemProxy */ = {
			isa = PBXContainerItemProxy;
			containerPortal = F8CD300C1E27CE0E008E5DB7 /* Project object */;
			proxyType = 1;
			remoteGlobalIDString = F8CD30131E27CE0E008E5DB7;
			remoteInfo = FDWaterImage;
		};
/* End PBXContainerItemProxy section */

/* Begin PBXFileReference section */
		F8CD30141E27CE0E008E5DB7 /* FDWaterImage.app */ = {isa = PBXFileReference; explicitFileType = wrapper.application; includeInIndex = 0; path = FDWaterImage.app; sourceTree = BUILT_PRODUCTS_DIR; };
		F8CD30181E27CE0E008E5DB7 /* main.m */ = {isa = PBXFileReference; lastKnownFileType = sourcecode.c.objc; path = main.m; sourceTree = "<group>"; };
		F8CD301A1E27CE0E008E5DB7 /* AppDelegate.h */ = {isa = PBXFileReference; lastKnownFileType = sourcecode.c.h; path = AppDelegate.h; sourceTree = "<group>"; };
		F8CD301B1E27CE0E008E5DB7 /* AppDelegate.m */ = {isa = PBXFileReference; lastKnownFileType = sourcecode.c.objc; path = AppDelegate.m; sourceTree = "<group>"; };
		F8CD301D1E27CE0E008E5DB7 /* ViewController.h */ = {isa = PBXFileReference; lastKnownFileType = sourcecode.c.h; path = ViewController.h; sourceTree = "<group>"; };
		F8CD301E1E27CE0E008E5DB7 /* ViewController.m */ = {isa = PBXFileReference; lastKnownFileType = sourcecode.c.objc; path = ViewController.m; sourceTree = "<group>"; };
		F8CD30211E27CE0E008E5DB7 /* Base */ = {isa = PBXFileReference; lastKnownFileType = file.storyboard; name = Base; path = Base.lproj/Main.storyboard; sourceTree = "<group>"; };
		F8CD30231E27CE0E008E5DB7 /* Assets.xcassets */ = {isa = PBXFileReference; lastKnownFileType = folder.assetcatalog; path = Assets.xcassets; sourceTree = "<group>"; };
		F8CD30261E27CE0E008E5DB7 /* Base */ = {isa = PBXFileReference; lastKnownFileType = file.storyboard; name = Base; path = Base.lproj/LaunchScreen.storyboard; sourceTree = "<group>"; };
		F8CD30281E27CE0E008E5DB7 /* Info.plist */ = {isa = PBXFileReference; lastKnownFileType = text.plist.xml; path = Info.plist; sourceTree = "<group>"; };
		F8CD302D1E27CE0E008E5DB7 /* FDWaterImageTests.xctest */ = {isa = PBXFileReference; explicitFileType = wrapper.cfbundle; includeInIndex = 0; path = FDWaterImageTests.xctest; sourceTree = BUILT_PRODUCTS_DIR; };
		F8CD30311E27CE0E008E5DB7 /* FDWaterImageTests.m */ = {isa = PBXFileReference; lastKnownFileType = sourcecode.c.objc; path = FDWaterImageTests.m; sourceTree = "<group>"; };
		F8CD30331E27CE0E008E5DB7 /* Info.plist */ = {isa = PBXFileReference; lastKnownFileType = text.plist.xml; path = Info.plist; sourceTree = "<group>"; };
		F8CD30381E27CE0E008E5DB7 /* FDWaterImageUITests.xctest */ = {isa = PBXFileReference; explicitFileType = wrapper.cfbundle; includeInIndex = 0; path = FDWaterImageUITests.xctest; sourceTree = BUILT_PRODUCTS_DIR; };
		F8CD303C1E27CE0E008E5DB7 /* FDWaterImageUITests.m */ = {isa = PBXFileReference; lastKnownFileType = sourcecode.c.objc; path = FDWaterImageUITests.m; sourceTree = "<group>"; };
		F8CD303E1E27CE0E008E5DB7 /* Info.plist */ = {isa = PBXFileReference; lastKnownFileType = text.plist.xml; path = Info.plist; sourceTree = "<group>"; };
		F8CD304A1E27CE2F008E5DB7 /* FDWaterImage.h */ = {isa = PBXFileReference; fileEncoding = 4; lastKnownFileType = sourcecode.c.h; path = FDWaterImage.h; sourceTree = "<group>"; };
		F8CD304B1E27CE2F008E5DB7 /* FDWaterImage.m */ = {isa = PBXFileReference; fileEncoding = 4; lastKnownFileType = sourcecode.c.objc; path = FDWaterImage.m; sourceTree = "<group>"; };
		F8CD304D1E27CF99008E5DB7 /* Icons.png */ = {isa = PBXFileReference; lastKnownFileType = image.png; path = Icons.png; sourceTree = "<group>"; };
		F8CD304F1E27D03A008E5DB7 /* scene.jpg */ = {isa = PBXFileReference; lastKnownFileType = image.jpeg; path = scene.jpg; sourceTree = "<group>"; };
/* End PBXFileReference section */

/* Begin PBXFrameworksBuildPhase section */
		F8CD30111E27CE0E008E5DB7 /* Frameworks */ = {
			isa = PBXFrameworksBuildPhase;
			buildActionMask = 2147483647;
			files = (
			);
			runOnlyForDeploymentPostprocessing = 0;
		};
		F8CD302A1E27CE0E008E5DB7 /* Frameworks */ = {
			isa = PBXFrameworksBuildPhase;
			buildActionMask = 2147483647;
			files = (
			);
			runOnlyForDeploymentPostprocessing = 0;
		};
		F8CD30351E27CE0E008E5DB7 /* Frameworks */ = {
			isa = PBXFrameworksBuildPhase;
			buildActionMask = 2147483647;
			files = (
			);
			runOnlyForDeploymentPostprocessing = 0;
		};
/* End PBXFrameworksBuildPhase section */

/* Begin PBXGroup section */
		F8CD300B1E27CE0E008E5DB7 = {
			isa = PBXGroup;
			children = (
				F8CD30161E27CE0E008E5DB7 /* FDWaterImage */,
				F8CD30301E27CE0E008E5DB7 /* FDWaterImageTests */,
				F8CD303B1E27CE0E008E5DB7 /* FDWaterImageUITests */,
				F8CD30151E27CE0E008E5DB7 /* Products */,
			);
			sourceTree = "<group>";
		};
		F8CD30151E27CE0E008E5DB7 /* Products */ = {
			isa = PBXGroup;
			children = (
				F8CD30141E27CE0E008E5DB7 /* FDWaterImage.app */,
				F8CD302D1E27CE0E008E5DB7 /* FDWaterImageTests.xctest */,
				F8CD30381E27CE0E008E5DB7 /* FDWaterImageUITests.xctest */,
			);
			name = Products;
			sourceTree = "<group>";
		};
		F8CD30161E27CE0E008E5DB7 /* FDWaterImage */ = {
			isa = PBXGroup;
			children = (
				F8CD304F1E27D03A008E5DB7 /* scene.jpg */,
				F8CD304D1E27CF99008E5DB7 /* Icons.png */,
				F8CD301A1E27CE0E008E5DB7 /* AppDelegate.h */,
				F8CD301B1E27CE0E008E5DB7 /* AppDelegate.m */,
				F8CD301D1E27CE0E008E5DB7 /* ViewController.h */,
				F8CD301E1E27CE0E008E5DB7 /* ViewController.m */,
				F8CD304A1E27CE2F008E5DB7 /* FDWaterImage.h */,
				F8CD304B1E27CE2F008E5DB7 /* FDWaterImage.m */,
				F8CD30201E27CE0E008E5DB7 /* Main.storyboard */,
				F8CD30231E27CE0E008E5DB7 /* Assets.xcassets */,
				F8CD30251E27CE0E008E5DB7 /* LaunchScreen.storyboard */,
				F8CD30281E27CE0E008E5DB7 /* Info.plist */,
				F8CD30171E27CE0E008E5DB7 /* Supporting Files */,
			);
			path = FDWaterImage;
			sourceTree = "<group>";
		};
		F8CD30171E27CE0E008E5DB7 /* Supporting Files */ = {
			isa = PBXGroup;
			children = (
				F8CD30181E27CE0E008E5DB7 /* main.m */,
			);
			name = "Supporting Files";
			sourceTree = "<group>";
		};
		F8CD30301E27CE0E008E5DB7 /* FDWaterImageTests */ = {
			isa = PBXGroup;
			children = (
				F8CD30311E27CE0E008E5DB7 /* FDWaterImageTests.m */,
				F8CD30331E27CE0E008E5DB7 /* Info.plist */,
			);
			path = FDWaterImageTests;
			sourceTree = "<group>";
		};
		F8CD303B1E27CE0E008E5DB7 /* FDWaterImageUITests */ = {
			isa = PBXGroup;
			children = (
				F8CD303C1E27CE0E008E5DB7 /* FDWaterImageUITests.m */,
				F8CD303E1E27CE0E008E5DB7 /* Info.plist */,
			);
			path = FDWaterImageUITests;
			sourceTree = "<group>";
		};
/* End PBXGroup section */

/* Begin PBXNativeTarget section */
		F8CD30131E27CE0E008E5DB7 /* FDWaterImage */ = {
			isa = PBXNativeTarget;
			buildConfigurationList = F8CD30411E27CE0E008E5DB7 /* Build configuration list for PBXNativeTarget "FDWaterImage" */;
			buildPhases = (
				F8CD30101E27CE0E008E5DB7 /* Sources */,
				F8CD30111E27CE0E008E5DB7 /* Frameworks */,
				F8CD30121E27CE0E008E5DB7 /* Resources */,
			);
			buildRules = (
			);
			dependencies = (
			);
			name = FDWaterImage;
			productName = FDWaterImage;
			productReference = F8CD30141E27CE0E008E5DB7 /* FDWaterImage.app */;
			productType = "com.apple.product-type.application";
		};
		F8CD302C1E27CE0E008E5DB7 /* FDWaterImageTests */ = {
			isa = PBXNativeTarget;
			buildConfigurationList = F8CD30441E27CE0E008E5DB7 /* Build configuration list for PBXNativeTarget "FDWaterImageTests" */;
			buildPhases = (
				F8CD30291E27CE0E008E5DB7 /* Sources */,
				F8CD302A1E27CE0E008E5DB7 /* Frameworks */,
				F8CD302B1E27CE0E008E5DB7 /* Resources */,
			);
			buildRules = (
			);
			dependencies = (
				F8CD302F1E27CE0E008E5DB7 /* PBXTargetDependency */,
			);
			name = FDWaterImageTests;
			productName = FDWaterImageTests;
			productReference = F8CD302D1E27CE0E008E5DB7 /* FDWaterImageTests.xctest */;
			productType = "com.apple.product-type.bundle.unit-test";
		};
		F8CD30371E27CE0E008E5DB7 /* FDWaterImageUITests */ = {
			isa = PBXNativeTarget;
			buildConfigurationList = F8CD30471E27CE0E008E5DB7 /* Build configuration list for PBXNativeTarget "FDWaterImageUITests" */;
			buildPhases = (
				F8CD30341E27CE0E008E5DB7 /* Sources */,
				F8CD30351E27CE0E008E5DB7 /* Frameworks */,
				F8CD30361E27CE0E008E5DB7 /* Resources */,
			);
			buildRules = (
			);
			dependencies = (
				F8CD303A1E27CE0E008E5DB7 /* PBXTargetDependency */,
			);
			name = FDWaterImageUITests;
			productName = FDWaterImageUITests;
			productReference = F8CD30381E27CE0E008E5DB7 /* FDWaterImageUITests.xctest */;
			productType = "com.apple.product-type.bundle.ui-testing";
		};
/* End PBXNativeTarget section */

/* Begin PBXProject section */
		F8CD300C1E27CE0E008E5DB7 /* Project object */ = {
			isa = PBXProject;
			attributes = {
				LastUpgradeCheck = 0720;
				ORGANIZATIONNAME = Feyddy;
				TargetAttributes = {
					F8CD30131E27CE0E008E5DB7 = {
						CreatedOnToolsVersion = 7.2;
					};
					F8CD302C1E27CE0E008E5DB7 = {
						CreatedOnToolsVersion = 7.2;
						TestTargetID = F8CD30131E27CE0E008E5DB7;
					};
					F8CD30371E27CE0E008E5DB7 = {
						CreatedOnToolsVersion = 7.2;
						TestTargetID = F8CD30131E27CE0E008E5DB7;
					};
				};
			};
			buildConfigurationList = F8CD300F1E27CE0E008E5DB7 /* Build configuration list for PBXProject "FDWaterImage" */;
			compatibilityVersion = "Xcode 3.2";
			developmentRegion = English;
			hasScannedForEncodings = 0;
			knownRegions = (
				en,
				Base,
			);
			mainGroup = F8CD300B1E27CE0E008E5DB7;
			productRefGroup = F8CD30151E27CE0E008E5DB7 /* Products */;
			projectDirPath = "";
			projectRoot = "";
			targets = (
				F8CD30131E27CE0E008E5DB7 /* FDWaterImage */,
				F8CD302C1E27CE0E008E5DB7 /* FDWaterImageTests */,
				F8CD30371E27CE0E008E5DB7 /* FDWaterImageUITests */,
			);
		};
/* End PBXProject section */

/* Begin PBXResourcesBuildPhase section */
		F8CD30121E27CE0E008E5DB7 /* Resources */ = {
			isa = PBXResourcesBuildPhase;
			buildActionMask = 2147483647;
			files = (
				F8CD30271E27CE0E008E5DB7 /* LaunchScreen.storyboard in Resources */,
				F8CD30241E27CE0E008E5DB7 /* Assets.xcassets in Resources */,
				F8CD30501E27D03A008E5DB7 /* scene.jpg in Resources */,
				F8CD30221E27CE0E008E5DB7 /* Main.storyboard in Resources */,
				F8CD304E1E27CF99008E5DB7 /* Icons.png in Resources */,
			);
			runOnlyForDeploymentPostprocessing = 0;
		};
		F8CD302B1E27CE0E008E5DB7 /* Resources */ = {
			isa = PBXResourcesBuildPhase;
			buildActionMask = 2147483647;
			files = (
			);
			runOnlyForDeploymentPostprocessing = 0;
		};
		F8CD30361E27CE0E008E5DB7 /* Resources */ = {
			isa = PBXResourcesBuildPhase;
			buildActionMask = 2147483647;
			files = (
			);
			runOnlyForDeploymentPostprocessing = 0;
		};
/* End PBXResourcesBuildPhase section */

/* Begin PBXSourcesBuildPhase section */
		F8CD30101E27CE0E008E5DB7 /* Sources */ = {
			isa = PBXSourcesBuildPhase;
			buildActionMask = 2147483647;
			files = (
				F8CD301F1E27CE0E008E5DB7 /* ViewController.m in Sources */,
				F8CD304C1E27CE2F008E5DB7 /* FDWaterImage.m in Sources */,
				F8CD301C1E27CE0E008E5DB7 /* AppDelegate.m in Sources */,
				F8CD30191E27CE0E008E5DB7 /* main.m in Sources */,
			);
			runOnlyForDeploymentPostprocessing = 0;
		};
		F8CD30291E27CE0E008E5DB7 /* Sources */ = {
			isa = PBXSourcesBuildPhase;
			buildActionMask = 2147483647;
			files = (
				F8CD30321E27CE0E008E5DB7 /* FDWaterImageTests.m in Sources */,
			);
			runOnlyForDeploymentPostprocessing = 0;
		};
		F8CD30341E27CE0E008E5DB7 /* Sources */ = {
			isa = PBXSourcesBuildPhase;
			buildActionMask = 2147483647;
			files = (
				F8CD303D1E27CE0E008E5DB7 /* FDWaterImageUITests.m in Sources */,
			);
			runOnlyForDeploymentPostprocessing = 0;
		};
/* End PBXSourcesBuildPhase section */

/* Begin PBXTargetDependency section */
		F8CD302F1E27CE0E008E5DB7 /* PBXTargetDependency */ = {
			isa = PBXTargetDependency;
			target = F8CD30131E27CE0E008E5DB7 /* FDWaterImage */;
			targetProxy = F8CD302E1E27CE0E008E5DB7 /* PBXContainerItemProxy */;
		};
		F8CD303A1E27CE0E008E5DB7 /* PBXTargetDependency */ = {
			isa = PBXTargetDependency;
			target = F8CD30131E27CE0E008E5DB7 /* FDWaterImage */;
			targetProxy = F8CD30391E27CE0E008E5DB7 /* PBXContainerItemProxy */;
		};
/* End PBXTargetDependency section */

/* Begin PBXVariantGroup section */
		F8CD30201E27CE0E008E5DB7 /* Main.storyboard */ = {
			isa = PBXVariantGroup;
			children = (
				F8CD30211E27CE0E008E5DB7 /* Base */,
			);
			name = Main.storyboard;
			sourceTree = "<group>";
		};
		F8CD30251E27CE0E008E5DB7 /* LaunchScreen.storyboard */ = {
			isa = PBXVariantGroup;
			children = (
				F8CD30261E27CE0E008E5DB7 /* Base */,
			);
			name = LaunchScreen.storyboard;
			sourceTree = "<group>";
		};
/* End PBXVariantGroup section */

/* Begin XCBuildConfiguration section */
		F8CD303F1E27CE0E008E5DB7 /* Debug */ = {
			isa = XCBuildConfiguration;
			buildSettings = {
				ALWAYS_SEARCH_USER_PATHS = NO;
				CLANG_CXX_LANGUAGE_STANDARD = "gnu++0x";
				CLANG_CXX_LIBRARY = "libc++";
				CLANG_ENABLE_MODULES = YES;
				CLANG_ENABLE_OBJC_ARC = YES;
				CLANG_WARN_BOOL_CONVERSION = YES;
				CLANG_WARN_CONSTANT_CONVERSION = YES;
				CLANG_WARN_DIRECT_OBJC_ISA_USAGE = YES_ERROR;
				CLANG_WARN_EMPTY_BODY = YES;
				CLANG_WARN_ENUM_CONVERSION = YES;
				CLANG_WARN_INT_CONVERSION = YES;
				CLANG_WARN_OBJC_ROOT_CLASS = YES_ERROR;
				CLANG_WARN_UNREACHABLE_CODE = YES;
				CLANG_WARN__DUPLICATE_METHOD_MATCH = YES;
				"CODE_SIGN_IDENTITY[sdk=iphoneos*]" = "iPhone Developer";
				COPY_PHASE_STRIP = NO;
				DEBUG_INFORMATION_FORMAT = dwarf;
				ENABLE_STRICT_OBJC_MSGSEND = YES;
				ENABLE_TESTABILITY = YES;
				GCC_C_LANGUAGE_STANDARD = gnu99;
				GCC_DYNAMIC_NO_PIC = NO;
				GCC_NO_COMMON_BLOCKS = YES;
				GCC_OPTIMIZATION_LEVEL = 0;
				GCC_PREPROCESSOR_DEFINITIONS = (
					"DEBUG=1",
					"$(inherited)",
				);
				GCC_WARN_64_TO_32_BIT_CONVERSION = YES;
				GCC_WARN_ABOUT_RETURN_TYPE = YES_ERROR;
				GCC_WARN_UNDECLARED_SELECTOR = YES;
				GCC_WARN_UNINITIALIZED_AUTOS = YES_AGGRESSIVE;
				GCC_WARN_UNUSED_FUNCTION = YES;
				GCC_WARN_UNUSED_VARIABLE = YES;
				IPHONEOS_DEPLOYMENT_TARGET = 9.2;
				MTL_ENABLE_DEBUG_INFO = YES;
				ONLY_ACTIVE_ARCH = YES;
				SDKROOT = iphoneos;
			};
			name = Debug;
		};
		F8CD30401E27CE0E008E5DB7 /* Release */ = {
			isa = XCBuildConfiguration;
			buildSettings = {
				ALWAYS_SEARCH_USER_PATHS = NO;
				CLANG_CXX_LANGUAGE_STANDARD = "gnu++0x";
				CLANG_CXX_LIBRARY = "libc++";
				CLANG_ENABLE_MODULES = YES;
				CLANG_ENABLE_OBJC_ARC = YES;
				CLANG_WARN_BOOL_CONVERSION = YES;
				CLANG_WARN_CONSTANT_CONVERSION = YES;
				CLANG_WARN_DIRECT_OBJC_ISA_USAGE = YES_ERROR;
				CLANG_WARN_EMPTY_BODY = YES;
				CLANG_WARN_ENUM_CONVERSION = YES;
				CLANG_WARN_INT_CONVERSION = YES;
				CLANG_WARN_OBJC_ROOT_CLASS = YES_ERROR;
				CLANG_WARN_UNREACHABLE_CODE = YES;
				CLANG_WARN__DUPLICATE_METHOD_MATCH = YES;
				"CODE_SIGN_IDENTITY[sdk=iphoneos*]" = "iPhone Developer";
				COPY_PHASE_STRIP = NO;
				DEBUG_INFORMATION_FORMAT = "dwarf-with-dsym";
				ENABLE_NS_ASSERTIONS = NO;
				ENABLE_STRICT_OBJC_MSGSEND = YES;
				GCC_C_LANGUAGE_STANDARD = gnu99;
				GCC_NO_COMMON_BLOCKS = YES;
				GCC_WARN_64_TO_32_BIT_CONVERSION = YES;
				GCC_WARN_ABOUT_RETURN_TYPE = YES_ERROR;
				GCC_WARN_UNDECLARED_SELECTOR = YES;
				GCC_WARN_UNINITIALIZED_AUTOS = YES_AGGRESSIVE;
				GCC_WARN_UNUSED_FUNCTION = YES;
				GCC_WARN_UNUSED_VARIABLE = YES;
				IPHONEOS_DEPLOYMENT_TARGET = 9.2;
				MTL_ENABLE_DEBUG_INFO = NO;
				SDKROOT = iphoneos;
				VALIDATE_PRODUCT = YES;
			};
			name = Release;
		};
		F8CD30421E27CE0E008E5DB7 /* Debug */ = {
			isa = XCBuildConfiguration;
			buildSettings = {
				ASSETCATALOG_COMPILER_APPICON_NAME = AppIcon;
				INFOPLIST_FILE = FDWaterImage/Info.plist;
				LD_RUNPATH_SEARCH_PATHS = "$(inherited) @executable_path/Frameworks";
				PRODUCT_BUNDLE_IDENTIFIER = xuzhonglin.FDWaterImage;
				PRODUCT_NAME = "$(TARGET_NAME)";
			};
			name = Debug;
		};
		F8CD30431E27CE0E008E5DB7 /* Release */ = {
			isa = XCBuildConfiguration;
			buildSettings = {
				ASSETCATALOG_COMPILER_APPICON_NAME = AppIcon;
				INFOPLIST_FILE = FDWaterImage/Info.plist;
				LD_RUNPATH_SEARCH_PATHS = "$(inherited) @executable_path/Frameworks";
				PRODUCT_BUNDLE_IDENTIFIER = xuzhonglin.FDWaterImage;
				PRODUCT_NAME = "$(TARGET_NAME)";
			};
			name = Release;
		};
		F8CD30451E27CE0E008E5DB7 /* Debug */ = {
			isa = XCBuildConfiguration;
			buildSettings = {
				BUNDLE_LOADER = "$(TEST_HOST)";
				INFOPLIST_FILE = FDWaterImageTests/Info.plist;
				LD_RUNPATH_SEARCH_PATHS = "$(inherited) @executable_path/Frameworks @loader_path/Frameworks";
				PRODUCT_BUNDLE_IDENTIFIER = xuzhonglin.FDWaterImageTests;
				PRODUCT_NAME = "$(TARGET_NAME)";
				TEST_HOST = "$(BUILT_PRODUCTS_DIR)/FDWaterImage.app/FDWaterImage";
			};
			name = Debug;
		};
		F8CD30461E27CE0E008E5DB7 /* Release */ = {
			isa = XCBuildConfiguration;
			buildSettings = {
				BUNDLE_LOADER = "$(TEST_HOST)";
				INFOPLIST_FILE = FDWaterImageTests/Info.plist;
				LD_RUNPATH_SEARCH_PATHS = "$(inherited) @executable_path/Frameworks @loader_path/Frameworks";
				PRODUCT_BUNDLE_IDENTIFIER = xuzhonglin.FDWaterImageTests;
				PRODUCT_NAME = "$(TARGET_NAME)";
				TEST_HOST = "$(BUILT_PRODUCTS_DIR)/FDWaterImage.app/FDWaterImage";
			};
			name = Release;
		};
		F8CD30481E27CE0E008E5DB7 /* Debug */ = {
			isa = XCBuildConfiguration;
			buildSettings = {
				INFOPLIST_FILE = FDWaterImageUITests/Info.plist;
				LD_RUNPATH_SEARCH_PATHS = "$(inherited) @executable_path/Frameworks @loader_path/Frameworks";
				PRODUCT_BUNDLE_IDENTIFIER = xuzhonglin.FDWaterImageUITests;
				PRODUCT_NAME = "$(TARGET_NAME)";
				TEST_TARGET_NAME = FDWaterImage;
				USES_XCTRUNNER = YES;
			};
			name = Debug;
		};
		F8CD30491E27CE0E008E5DB7 /* Release */ = {
			isa = XCBuildConfiguration;
			buildSettings = {
				INFOPLIST_FILE = FDWaterImageUITests/Info.plist;
				LD_RUNPATH_SEARCH_PATHS = "$(inherited) @executable_path/Frameworks @loader_path/Frameworks";
				PRODUCT_BUNDLE_IDENTIFIER = xuzhonglin.FDWaterImageUITests;
				PRODUCT_NAME = "$(TARGET_NAME)";
				TEST_TARGET_NAME = FDWaterImage;
				USES_XCTRUNNER = YES;
			};
			name = Release;
		};
/* End XCBuildConfiguration section */

/* Begin XCConfigurationList section */
		F8CD300F1E27CE0E008E5DB7 /* Build configuration list for PBXProject "FDWaterImage" */ = {
			isa = XCConfigurationList;
			buildConfigurations = (
				F8CD303F1E27CE0E008E5DB7 /* Debug */,
				F8CD30401E27CE0E008E5DB7 /* Release */,
			);
			defaultConfigurationIsVisible = 0;
			defaultConfigurationName = Release;
		};
		F8CD30411E27CE0E008E5DB7 /* Build configuration list for PBXNativeTarget "FDWaterImage" */ = {
			isa = XCConfigurationList;
			buildConfigurations = (
				F8CD30421E27CE0E008E5DB7 /* Debug */,
				F8CD30431E27CE0E008E5DB7 /* Release */,
			);
			defaultConfigurationIsVisible = 0;
		};
		F8CD30441E27CE0E008E5DB7 /* Build configuration list for PBXNativeTarget "FDWaterImageTests" */ = {
			isa = XCConfigurationList;
			buildConfigurations = (
				F8CD30451E27CE0E008E5DB7 /* Debug */,
				F8CD30461E27CE0E008E5DB7 /* Release */,
			);
			defaultConfigurationIsVisible = 0;
		};
		F8CD30471E27CE0E008E5DB7 /* Build configuration list for PBXNativeTarget "FDWaterImageUITests" */ = {
			isa = XCConfigurationList;
			buildConfigurations = (
				F8CD30481E27CE0E008E5DB7 /* Debug */,
				F8CD30491E27CE0E008E5DB7 /* Release */,
			);
			defaultConfigurationIsVisible = 0;
		};
/* End XCConfigurationList section */
	};
	rootObject = F8CD300C1E27CE0E008E5DB7 /* Project object */;
}
